<Solution>
  <Project Path="KanbanBoard.API/KanbanBoard.API.csproj" />
  <Project Path="KanbanBoard.Application/KanbanBoard.Application.csproj" />
  <Project Path="KanbanBoard.Domain/KanbanBoard.Domain.csproj" />
  <Project Path="KanbanBoard.Infrastructure/KanbanBoard.Infrastructure.csproj" />
  <Project Path="KanbanBoard.Shared/KanbanBoard.Shared.csproj" />
</Solution>
